
Microsoft Visual Studio Solution File, Format Version 12.00
# Visual Studio Version 17
VisualStudioVersion = 17.0.31903.59
MinimumVisualStudioVersion = 10.0.40219.1
Project("{FAE04EC0-301F-11D3-BF4B-00C04F79EFBC}") = "SpaceBattle.Lib", "SpaceBattle.Lib\SpaceBattle.Lib.csproj", "{6BFD0836-A76B-4CDD-9F18-79A0A3F6DDAB}"
EndProject
Project("{FAE04EC0-301F-11D3-BF4B-00C04F79EFBC}") = "SpaceBattle.Lib.Tests", "SpaceBattle.Lib.Tests\SpaceBattle.Lib.Tests.csproj", "{E7A206DA-4CB6-4941-A7BE-F410479E9081}"
EndProject
Project("{FAE04EC0-301F-11D3-BF4B-00C04F79EFBC}") = "WebHttp", "WebHttp\WebHttp.csproj", "{9028BB07-C282-4320-B3DC-A00BAD4B64B3}"
EndProject
Global
	GlobalSection(SolutionConfigurationPlatforms) = preSolution
		Debug|Any CPU = Debug|Any CPU
		Release|Any CPU = Release|Any CPU
	EndGlobalSection
	GlobalSection(SolutionProperties) = preSolution
		HideSolutionNode = FALSE
	EndGlobalSection
	GlobalSection(ProjectConfigurationPlatforms) = postSolution
		{6BFD0836-A76B-4CDD-9F18-79A0A3F6DDAB}.Debug|Any CPU.ActiveCfg = Debug|Any CPU
		{6BFD0836-A76B-4CDD-9F18-79A0A3F6DDAB}.Debug|Any CPU.Build.0 = Debug|Any CPU
		{6BFD0836-A76B-4CDD-9F18-79A0A3F6DDAB}.Release|Any CPU.ActiveCfg = Release|Any CPU
		{6BFD0836-A76B-4CDD-9F18-79A0A3F6DDAB}.Release|Any CPU.Build.0 = Release|Any CPU
		{E7A206DA-4CB6-4941-A7BE-F410479E9081}.Debug|Any CPU.ActiveCfg = Debug|Any CPU
		{E7A206DA-4CB6-4941-A7BE-F410479E9081}.Debug|Any CPU.Build.0 = Debug|Any CPU
		{E7A206DA-4CB6-4941-A7BE-F410479E9081}.Release|Any CPU.ActiveCfg = Release|Any CPU
		{E7A206DA-4CB6-4941-A7BE-F410479E9081}.Release|Any CPU.Build.0 = Release|Any CPU
		{9028BB07-C282-4320-B3DC-A00BAD4B64B3}.Debug|Any CPU.ActiveCfg = Debug|Any CPU
		{9028BB07-C282-4320-B3DC-A00BAD4B64B3}.Debug|Any CPU.Build.0 = Debug|Any CPU
		{9028BB07-C282-4320-B3DC-A00BAD4B64B3}.Release|Any CPU.ActiveCfg = Release|Any CPU
		{9028BB07-C282-4320-B3DC-A00BAD4B64B3}.Release|Any CPU.Build.0 = Release|Any CPU
	EndGlobalSection
EndGlobal
